
Microsoft Visual Studio Solution File, Format Version 12.00
# Visual Studio Version 16
VisualStudioVersion = 16.0.29806.167
MinimumVisualStudioVersion = 10.0.40219.1
Project("{8BC9CEB8-8B4A-11D0-8D11-00A0C91BC942}") = "BrowserSelectorBHO", "BrowserSelectorBHO\BrowserSelectorBHO.vcxproj", "{5AC47C86-1BED-4FA4-9A12-FC88A11459D3}"
EndProject
Project("{2150E333-8FDC-42A3-9474-1A3956D46DE8}") = "Solution Items", "Solution Items", "{4C18C7D1-9F89-4B2D-8026-71E32324F434}"
	ProjectSection(SolutionItems) = preProject
		BrowserSelector\BrowserSelectorCommon.h = BrowserSelector\BrowserSelectorCommon.h
		sample\BrowserSelectorExample.ini = sample\BrowserSelectorExample.ini
		sample\BrowserSelectorExample.reg = sample\BrowserSelectorExample.reg
		sample\BrowserSelectorIncludeExample.ini = sample\BrowserSelectorIncludeExample.ini
		sample\BrowserSelectorRegexExample.ini = sample\BrowserSelectorRegexExample.ini
		sample\BrowserSelectorWOW64Example.reg = sample\BrowserSelectorWOW64Example.reg
		sample\chrome.reg = sample\chrome.reg
		COPYING.MIT = COPYING.MIT
		sample\CrashDump.reg = sample\CrashDump.reg
		sample\policies.json = sample\policies.json
		README-ja.md = README-ja.md
		README.md = README.md
	EndProjectSection
EndProject
Project("{8BC9CEB8-8B4A-11D0-8D11-00A0C91BC942}") = "BrowserSelector", "BrowserSelector\BrowserSelector.vcxproj", "{AE9FFFAA-81B6-4B4D-BC28-D6E2B9D3B7C4}"
EndProject
Project("{54435603-DBB4-11D2-8724-00A0C9A8B90C}") = "BrowserSelectorSetup", "BrowserSelectorSetup\BrowserSelectorSetup.vdproj", "{CEADCCF9-700E-42B5-A15F-84EF9F876F25}"
EndProject
Project("{8BC9CEB8-8B4A-11D0-8D11-00A0C91BC942}") = "BrowserSelectorTalk", "BrowserSelectorTalk\BrowserSelectorTalk.vcxproj", "{A4D67B59-28E3-43B2-A93A-898506DFFE29}"
EndProject
Project("{8BC9CEB8-8B4A-11D0-8D11-00A0C91BC942}") = "UnitTest", "UnitTest\UnitTest.vcxproj", "{A79160AF-B0A6-4C57-858B-19967870B391}"
EndProject
Global
	GlobalSection(SolutionConfigurationPlatforms) = preSolution
		Debug|Win32 = Debug|Win32
		Debug|x64 = Debug|x64
		Release|Win32 = Release|Win32
		Release|x64 = Release|x64
	EndGlobalSection
	GlobalSection(ProjectConfigurationPlatforms) = postSolution
		{5AC47C86-1BED-4FA4-9A12-FC88A11459D3}.Debug|Win32.ActiveCfg = Debug|Win32
		{5AC47C86-1BED-4FA4-9A12-FC88A11459D3}.Debug|Win32.Build.0 = Debug|Win32
		{5AC47C86-1BED-4FA4-9A12-FC88A11459D3}.Debug|x64.ActiveCfg = Debug|x64
		{5AC47C86-1BED-4FA4-9A12-FC88A11459D3}.Debug|x64.Build.0 = Debug|x64
		{5AC47C86-1BED-4FA4-9A12-FC88A11459D3}.Release|Win32.ActiveCfg = Release|Win32
		{5AC47C86-1BED-4FA4-9A12-FC88A11459D3}.Release|Win32.Build.0 = Release|Win32
		{5AC47C86-1BED-4FA4-9A12-FC88A11459D3}.Release|x64.ActiveCfg = Release|x64
		{5AC47C86-1BED-4FA4-9A12-FC88A11459D3}.Release|x64.Build.0 = Release|x64
		{AE9FFFAA-81B6-4B4D-BC28-D6E2B9D3B7C4}.Debug|Win32.ActiveCfg = Debug|Win32
		{AE9FFFAA-81B6-4B4D-BC28-D6E2B9D3B7C4}.Debug|Win32.Build.0 = Debug|Win32
		{AE9FFFAA-81B6-4B4D-BC28-D6E2B9D3B7C4}.Debug|x64.ActiveCfg = Debug|x64
		{AE9FFFAA-81B6-4B4D-BC28-D6E2B9D3B7C4}.Debug|x64.Build.0 = Debug|x64
		{AE9FFFAA-81B6-4B4D-BC28-D6E2B9D3B7C4}.Release|Win32.ActiveCfg = Release|Win32
		{AE9FFFAA-81B6-4B4D-BC28-D6E2B9D3B7C4}.Release|Win32.Build.0 = Release|Win32
		{AE9FFFAA-81B6-4B4D-BC28-D6E2B9D3B7C4}.Release|x64.ActiveCfg = Release|x64
		{AE9FFFAA-81B6-4B4D-BC28-D6E2B9D3B7C4}.Release|x64.Build.0 = Release|x64
		{CEADCCF9-700E-42B5-A15F-84EF9F876F25}.Debug|Win32.ActiveCfg = Debug
		{CEADCCF9-700E-42B5-A15F-84EF9F876F25}.Debug|Win32.Build.0 = Debug
		{CEADCCF9-700E-42B5-A15F-84EF9F876F25}.Debug|x64.ActiveCfg = Debug
		{CEADCCF9-700E-42B5-A15F-84EF9F876F25}.Debug|x64.Build.0 = Debug
		{CEADCCF9-700E-42B5-A15F-84EF9F876F25}.Release|Win32.ActiveCfg = Release
		{CEADCCF9-700E-42B5-A15F-84EF9F876F25}.Release|Win32.Build.0 = Release
		{CEADCCF9-700E-42B5-A15F-84EF9F876F25}.Release|x64.ActiveCfg = Release
		{CEADCCF9-700E-42B5-A15F-84EF9F876F25}.Release|x64.Build.0 = Release
		{A4D67B59-28E3-43B2-A93A-898506DFFE29}.Debug|Win32.ActiveCfg = Debug|Win32
		{A4D67B59-28E3-43B2-A93A-898506DFFE29}.Debug|Win32.Build.0 = Debug|Win32
		{A4D67B59-28E3-43B2-A93A-898506DFFE29}.Debug|x64.ActiveCfg = Debug|Win32
		{A4D67B59-28E3-43B2-A93A-898506DFFE29}.Debug|x64.Build.0 = Debug|Win32
		{A4D67B59-28E3-43B2-A93A-898506DFFE29}.Release|Win32.ActiveCfg = Release|Win32
		{A4D67B59-28E3-43B2-A93A-898506DFFE29}.Release|Win32.Build.0 = Release|Win32
		{A4D67B59-28E3-43B2-A93A-898506DFFE29}.Release|x64.ActiveCfg = Release|Win32
		{A4D67B59-28E3-43B2-A93A-898506DFFE29}.Release|x64.Build.0 = Release|Win32
		{A79160AF-B0A6-4C57-858B-19967870B391}.Debug|Win32.ActiveCfg = Debug|Win32
		{A79160AF-B0A6-4C57-858B-19967870B391}.Debug|Win32.Build.0 = Debug|Win32
		{A79160AF-B0A6-4C57-858B-19967870B391}.Debug|x64.ActiveCfg = Debug|x64
		{A79160AF-B0A6-4C57-858B-19967870B391}.Debug|x64.Build.0 = Debug|x64
		{A79160AF-B0A6-4C57-858B-19967870B391}.Release|Win32.ActiveCfg = Release|Win32
		{A79160AF-B0A6-4C57-858B-19967870B391}.Release|Win32.Build.0 = Release|Win32
		{A79160AF-B0A6-4C57-858B-19967870B391}.Release|x64.ActiveCfg = Release|x64
		{A79160AF-B0A6-4C57-858B-19967870B391}.Release|x64.Build.0 = Release|x64
	EndGlobalSection
	GlobalSection(SolutionProperties) = preSolution
		HideSolutionNode = FALSE
	EndGlobalSection
	GlobalSection(ExtensibilityGlobals) = postSolution
		SolutionGuid = {94730E55-66CF-46CE-B76A-B9382A8E24F9}
	EndGlobalSection
EndGlobal
