
Microsoft Visual Studio Solution File, Format Version 11.00
# Visual Studio 2010
Project("{8BC9CEB8-8B4A-11D0-8D11-00A0C91BC942}") = "BrowserSelectorBHO", "BrowserSelectorBHO\BrowserSelectorBHO.vcxproj", "{5AC47C86-1BED-4FA4-9A12-FC88A11459D3}"
EndProject
Project("{2150E333-8FDC-42A3-9474-1A3956D46DE8}") = "Solution Items", "Solution Items", "{4C18C7D1-9F89-4B2D-8026-71E32324F434}"
	ProjectSection(SolutionItems) = preProject
		COPYING.MIT = COPYING.MIT
	EndProjectSection
EndProject
Global
	GlobalSection(SolutionConfigurationPlatforms) = preSolution
		Debug|Win32 = Debug|Win32
		Release|Win32 = Release|Win32
	EndGlobalSection
	GlobalSection(ProjectConfigurationPlatforms) = postSolution
		{5AC47C86-1BED-4FA4-9A12-FC88A11459D3}.Debug|Win32.ActiveCfg = Debug|Win32
		{5AC47C86-1BED-4FA4-9A12-FC88A11459D3}.Debug|Win32.Build.0 = Debug|Win32
		{5AC47C86-1BED-4FA4-9A12-FC88A11459D3}.Release|Win32.ActiveCfg = Release|Win32
		{5AC47C86-1BED-4FA4-9A12-FC88A11459D3}.Release|Win32.Build.0 = Release|Win32
	EndGlobalSection
	GlobalSection(SolutionProperties) = preSolution
		HideSolutionNode = FALSE
	EndGlobalSection
EndGlobal
